<?xml version="1.0" encoding="utf-8"?>
<Project ToolsVersion="4.0" xmlns="http://schemas.microsoft.com/developer/msbuild/2003">
  <ItemGroup>
    <Filter Include="资源文件">
      <UniqueIdentifier>{67DA6AB6-F800-4c08-8B7A-83BB121AAD01}</UniqueIdentifier>
      <Extensions>rc;ico;cur;bmp;dlg;rc2;rct;bin;rgs;gif;jpg;jpeg;jpe;resx;tiff;tif;png;wav</Extensions>
    </Filter>
    <Filter Include="配置文件">
      <UniqueIdentifier>{41ef1747-c5e2-4b7e-b258-53718181ceb6}</UniqueIdentifier>
    </Filter>
    <Filter Include="界面">
      <UniqueIdentifier>{93995380-89BD-4b04-88EB-625FBE52EBFB}</UniqueIdentifier>
      <Extensions>h;hpp;hxx;hm;inl;inc;xsd</Extensions>
    </Filter>
    <Filter Include="innosetup">
      <UniqueIdentifier>{15a9a4c1-86ba-4e6d-9d83-823ceb48390c}</UniqueIdentifier>
    </Filter>
    <Filter Include="本地日志">
      <UniqueIdentifier>{d90ebb69-6e48-4908-8628-01159e0c986f}</UniqueIdentifier>
    </Filter>
    <Filter Include="配置文件\debug">
      <UniqueIdentifier>{c6ca2035-1990-403e-bda3-2978f8f97b27}</UniqueIdentifier>
    </Filter>
    <Filter Include="配置文件\release">
      <UniqueIdentifier>{26939e0a-0bab-4929-b0e9-1e090ef8ca65}</UniqueIdentifier>
    </Filter>
    <Filter Include="第三方">
      <UniqueIdentifier>{a7d954d7-8e29-4b83-acea-a3f4cdc7fc38}</UniqueIdentifier>
    </Filter>
    <Filter Include="检测">
      <UniqueIdentifier>{e32887f7-45b5-4ff0-96fe-6ff614da4754}</UniqueIdentifier>
    </Filter>
    <Filter Include="检测\检测进程">
      <UniqueIdentifier>{31f75385-cd44-4e31-8be3-2abba21acd80}</UniqueIdentifier>
    </Filter>
    <Filter Include="检测\定时重启服务">
      <UniqueIdentifier>{52c53a77-ffc9-4e0e-9016-04e3f952a340}</UniqueIdentifier>
    </Filter>
    <Filter Include="检测\心跳">
      <UniqueIdentifier>{19d1ce1c-259e-4036-a0ef-80f4fb78b898}</UniqueIdentifier>
    </Filter>
    <Filter Include="第三方\xml">
      <UniqueIdentifier>{588263af-82dc-4ceb-b23c-c601bf28a12e}</UniqueIdentifier>
    </Filter>
    <Filter Include="第三方\xml\pugixml">
      <UniqueIdentifier>{38aab92d-c818-4cf2-bf3d-b8b0b9331a87}</UniqueIdentifier>
    </Filter>
    <Filter Include="第三方\xml\rapidxml">
      <UniqueIdentifier>{a8e64869-3d67-4b1b-b9e6-24d921669223}</UniqueIdentifier>
    </Filter>
    <Filter Include="检测\心跳\同步">
      <UniqueIdentifier>{8dc6d316-1d0d-449c-9ae9-8b7773a82cd4}</UniqueIdentifier>
    </Filter>
    <Filter Include="检测\心跳\异步">
      <UniqueIdentifier>{b006701e-77da-42ed-8bc4-47d653a447f4}</UniqueIdentifier>
    </Filter>
    <Filter Include="检测\心跳\Socket版本">
      <UniqueIdentifier>{10d9021e-bd7b-4ca3-bdf9-1f89439bb26d}</UniqueIdentifier>
    </Filter>
    <Filter Include="检测\心跳\消息">
      <UniqueIdentifier>{2613eb87-c14c-4f90-aad7-b0838c610345}</UniqueIdentifier>
    </Filter>
    <Filter Include="检测\心跳\消息\ProtoBuf">
      <UniqueIdentifier>{25ed124b-2332-4256-9e7a-8bd9f86995f0}</UniqueIdentifier>
    </Filter>
  </ItemGroup>
  <ItemGroup>
    <ClCompile Include="stdafx.cpp">
      <Filter>界面</Filter>
    </ClCompile>
    <ClCompile Include="TradeGatewayMonitor.cpp">
      <Filter>界面</Filter>
    </ClCompile>
    <ClCompile Include="TradeGatewayMonitorDlg.cpp">
      <Filter>界面</Filter>
    </ClCompile>
    <ClCompile Include="Service.cpp">
      <Filter>配置文件</Filter>
    </ClCompile>
    <ClCompile Include="MonitorProcessThread.cpp">
      <Filter>检测\检测进程</Filter>
    </ClCompile>
    <ClCompile Include="MonitorServiceThread.cpp">
      <Filter>检测\定时重启服务</Filter>
    </ClCompile>
    <ClCompile Include="config\ConfigManager.cpp">
      <Filter>配置文件</Filter>
    </ClCompile>
    <ClCompile Include="xml\pugixml.cpp">
      <Filter>第三方\xml\pugixml</Filter>
    </ClCompile>
    <ClCompile Include="output\FileLog.cpp">
      <Filter>本地日志</Filter>
    </ClCompile>
    <ClCompile Include="import_lib.cpp">
      <Filter>第三方</Filter>
    </ClCompile>
    <ClCompile Include="network\communication.pb.cc">
      <Filter>检测\心跳\消息\ProtoBuf</Filter>
    </ClCompile>
    <ClCompile Include="network\pkgheader.pb.cc">
      <Filter>检测\心跳\消息\ProtoBuf</Filter>
    </ClCompile>
    <ClCompile Include="network\TCPClientSync.cpp">
      <Filter>检测\心跳\同步</Filter>
    </ClCompile>
    <ClCompile Include="network\SSLClientSync.cpp">
      <Filter>检测\心跳\同步</Filter>
    </ClCompile>
    <ClCompile Include="network\TCPClientASync.cpp">
      <Filter>检测\心跳\异步</Filter>
    </ClCompile>
    <ClCompile Include="network\CustomMessage.cpp">
      <Filter>检测\心跳\消息</Filter>
    </ClCompile>
    <ClCompile Include="network\IMessage.cpp">
      <Filter>检测\心跳\消息</Filter>
    </ClCompile>
  </ItemGroup>
  <ItemGroup>
    <ClInclude Include="Resource.h">
      <Filter>界面</Filter>
    </ClInclude>
    <ClInclude Include="stdafx.h">
      <Filter>界面</Filter>
    </ClInclude>
    <ClInclude Include="targetver.h">
      <Filter>界面</Filter>
    </ClInclude>
    <ClInclude Include="TradeGatewayMonitor.h">
      <Filter>界面</Filter>
    </ClInclude>
    <ClInclude Include="TradeGatewayMonitorDlg.h">
      <Filter>界面</Filter>
    </ClInclude>
    <ClInclude Include="Service.h">
      <Filter>配置文件</Filter>
    </ClInclude>
    <ClInclude Include="MonitorProcessThread.h">
      <Filter>检测\检测进程</Filter>
    </ClInclude>
    <ClInclude Include="MonitorServiceThread.h">
      <Filter>检测\定时重启服务</Filter>
    </ClInclude>
    <ClInclude Include="xml\pugiconfig.hpp">
      <Filter>第三方\xml\pugixml</Filter>
    </ClInclude>
    <ClInclude Include="xml\pugixml.hpp">
      <Filter>第三方\xml\pugixml</Filter>
    </ClInclude>
    <ClInclude Include="xml\rapidxml.hpp">
      <Filter>第三方\xml\rapidxml</Filter>
    </ClInclude>
    <ClInclude Include="xml\rapidxml_iterators.hpp">
      <Filter>第三方\xml\rapidxml</Filter>
    </ClInclude>
    <ClInclude Include="xml\rapidxml_print.hpp">
      <Filter>第三方\xml\rapidxml</Filter>
    </ClInclude>
    <ClInclude Include="xml\rapidxml_utils.hpp">
      <Filter>第三方\xml\rapidxml</Filter>
    </ClInclude>
    <ClInclude Include="include\FileLog.h">
      <Filter>本地日志</Filter>
    </ClInclude>
    <ClInclude Include="include\ConfigManager.h">
      <Filter>配置文件</Filter>
    </ClInclude>
    <ClInclude Include="include\TCPClientSync.h">
      <Filter>检测\心跳\同步</Filter>
    </ClInclude>
    <ClInclude Include="include\SSLClientSync.h">
      <Filter>检测\心跳\同步</Filter>
    </ClInclude>
    <ClInclude Include="include\TCPClientASync.h">
      <Filter>检测\心跳\异步</Filter>
    </ClInclude>
    <ClInclude Include="include\tcp_message_old.h">
      <Filter>检测\心跳\消息</Filter>
    </ClInclude>
    <ClInclude Include="include\ssl_message.h">
      <Filter>检测\心跳\消息</Filter>
    </ClInclude>
    <ClInclude Include="include\CustomMessage.h">
      <Filter>检测\心跳\消息</Filter>
    </ClInclude>
    <ClInclude Include="include\MsgHeader.h">
      <Filter>检测\心跳\消息</Filter>
    </ClInclude>
    <ClInclude Include="include\IMessage.h">
      <Filter>检测\心跳\消息</Filter>
    </ClInclude>
  </ItemGroup>
  <ItemGroup>
    <Image Include="res\TradeGatewayMonitor.ico">
      <Filter>资源文件</Filter>
    </Image>
  </ItemGroup>
  <ItemGroup>
    <ResourceCompile Include="TradeGatewayMonitor.rc">
      <Filter>资源文件</Filter>
    </ResourceCompile>
  </ItemGroup>
  <ItemGroup>
    <None Include="res\TradeGatewayMonitor.rc2">
      <Filter>资源文件</Filter>
    </None>
    <None Include="innosetup\MonitorAgent.iss">
      <Filter>innosetup</Filter>
    </None>
  </ItemGroup>
  <ItemGroup>
    <Text Include="开发计划.txt" />
  </ItemGroup>
  <ItemGroup>
    <Xml Include="bin_debug\config.xml">
      <Filter>配置文件\debug</Filter>
    </Xml>
    <Xml Include="bin_release\config.xml">
      <Filter>配置文件\release</Filter>
    </Xml>
  </ItemGroup>
</Project>